{
  "name": "specify-runner-plugin-cli",
  "version": "0.0.1",
  "lockfileVersion": 3,
  "requires": true,
  "packages": {
    "": {
      "name": "specify-runner-plugin-cli",
      "version": "0.0.1",
      "license": "ISC",
      "devDependencies": {
        "@types/node": "^22.15.17"
      },
      "peerDependencies": {
        "specify-quick-ref": "file:../quick-ref",
        "specify-runner": "file:../runner"
      }
    },
    "../quick-ref": {
      "name": "specify-quick-ref",
      "version": "0.0.1",
      "license": "ISC",
      "peer": true,
      "dependencies": {
        "deep-extend": "^0.6.0"
      },
      "devDependencies": {
        "@types/node": "^22.15.17"
      }
    },
    "../runner": {
      "name": "specify-runner",
      "version": "0.0.1",
      "license": "ISC",
      "peer": true,
      "dependencies": {
        "@cucumber/cucumber": "^11.2.0",
        "minimist": "^1.2.8",
        "quick-ref": "file:../quick-ref"
      },
      "bin": {
        "specify": "dist/main.js"
      },
      "devDependencies": {
        "@types/minimist": "^1.2.5",
        "@types/node": "^22.15.17",
        "@types/resolve": "^1.20.6"
      },
      "optionalDependencies": {
        "specify-runner-plugin-cli": "file:../runner-plugin-cli"
      }
    },
    "node_modules/@types/node": {
      "version": "22.15.17",
      "dev": true,
      "license": "MIT",
      "dependencies": {
        "undici-types": "~6.21.0"
      }
    },
    "node_modules/specify-quick-ref": {
      "resolved": "../quick-ref",
      "link": true
    },
    "node_modules/specify-runner": {
      "resolved": "../runner",
      "link": true
    },
    "node_modules/undici-types": {
      "version": "6.21.0",
      "dev": true,
      "license": "MIT"
    }
  }
}
