{
  "name": "specify-runner-plugin-cli",
  "version": "0.0.1",
  "lockfileVersion": 3,
  "requires": true,
  "packages": {
    "": {
      "name": "specify-runner-plugin-cli",
      "version": "0.0.1",
      "license": "ISC",
      "peerDependencies": {
        "specify-quick-ref": "file:../quick-ref/dist",
        "specify-runner": "file:../runner/dist"
      }
    },
    "../quick-ref/dist": {
      "name": "specify-quick-ref",
      "version": "0.0.1",
      "license": "ISC",
      "peer": true,
      "dependencies": {
        "deep-extend": "^0.6.0"
      }
    },
    "../runner/dist": {
      "name": "specify-runner",
      "version": "0.0.1",
      "license": "ISC",
      "peer": true,
      "dependencies": {
        "@cucumber/cucumber": "^11.2.0",
        "minimist": "^1.2.8",
        "specify-quick-ref": "file:../quick-ref"
      },
      "bin": {
        "specify": "dist/main.js"
      },
      "devDependencies": {
        "@types/minimist": "^1.2.5",
        "@types/resolve": "^1.20.6"
      },
      "optionalDependencies": {
        "specify-runner-plugin-cli": "file:../runner-plugin-cli"
      }
    },
    "node_modules/specify-quick-ref": {
      "resolved": "../quick-ref/dist",
      "link": true
    },
    "node_modules/specify-runner": {
      "resolved": "../runner/dist",
      "link": true
    }
  }
}
